
Microsoft Visual Studio Solution File, Format Version 12.00
# Visual Studio Version 16
VisualStudioVersion = 16.0.30711.63
MinimumVisualStudioVersion = 10.0.40219.1
Project("{FAE04EC0-301F-11D3-BF4B-00C04F79EFBC}") = "Bsort", "Bsort\Bsort.csproj", "{2B3A2C53-A65D-40FA-976C-B6283E889393}"
EndProject
Global
	GlobalSection(SolutionConfigurationPlatforms) = preSolution
		Debug|Any CPU = Debug|Any CPU
		Release|Any CPU = Release|Any CPU
	EndGlobalSection
	GlobalSection(ProjectConfigurationPlatforms) = postSolution
		{2B3A2C53-A65D-40FA-976C-B6283E889393}.Debug|Any CPU.ActiveCfg = Debug|Any CPU
		{2B3A2C53-A65D-40FA-976C-B6283E889393}.Debug|Any CPU.Build.0 = Debug|Any CPU
		{2B3A2C53-A65D-40FA-976C-B6283E889393}.Release|Any CPU.ActiveCfg = Release|Any CPU
		{2B3A2C53-A65D-40FA-976C-B6283E889393}.Release|Any CPU.Build.0 = Release|Any CPU
	EndGlobalSection
	GlobalSection(SolutionProperties) = preSolution
		HideSolutionNode = FALSE
	EndGlobalSection
	GlobalSection(ExtensibilityGlobals) = postSolution
		SolutionGuid = {02DCBC23-09B7-4DD8-9457-D0BF94DE62A6}
	EndGlobalSection
EndGlobal
